
Microsoft Visual Studio Solution File, Format Version 12.00
# Visual Studio Version 17
VisualStudioVersion = 17.11.35327.3
MinimumVisualStudioVersion = 10.0.40219.1
Project("{9A19103F-16F7-4668-BE54-9A1E7A4F7556}") = "ConnectionExtension", "PowerfulConnections\ConnectionExtension.csproj", "{E6E3A081-DEC0-44A8-A59B-F0151CD66612}"
EndProject
Global
	GlobalSection(SolutionConfigurationPlatforms) = preSolution
		Debug|Any CPU = Debug|Any CPU
		Release|Any CPU = Release|Any CPU
	EndGlobalSection
	GlobalSection(ProjectConfigurationPlatforms) = postSolution
		{E6E3A081-DEC0-44A8-A59B-F0151CD66612}.Debug|Any CPU.ActiveCfg = Debug|Any CPU
		{E6E3A081-DEC0-44A8-A59B-F0151CD66612}.Debug|Any CPU.Build.0 = Debug|Any CPU
		{E6E3A081-DEC0-44A8-A59B-F0151CD66612}.Release|Any CPU.ActiveCfg = Release|Any CPU
		{E6E3A081-DEC0-44A8-A59B-F0151CD66612}.Release|Any CPU.Build.0 = Release|Any CPU
	EndGlobalSection
	GlobalSection(SolutionProperties) = preSolution
		HideSolutionNode = FALSE
	EndGlobalSection
	GlobalSection(ExtensibilityGlobals) = postSolution
		SolutionGuid = {09E1CDF3-8302-40D9-98C3-EAABE875EF25}
	EndGlobalSection
EndGlobal
